// !$*UTF8*$!
{
	archiveVersion = 1;
	classes = {
	};
	objectVersion = 77;
	objects = {

/* Begin PBXContainerItemProxy section */
		9101DAC92F3B2D5700EB3CC7 /* PBXContainerItemProxy */ = {
			isa = PBXContainerItemProxy;
			containerPortal = 9101DAB12F3B2D5000EB3CC7 /* Project object */;
			proxyType = 1;
			remoteGlobalIDString = 9101DAB82F3B2D5000EB3CC7;
			remoteInfo = ZSBSupportAdmin;
		};
		9101DAD32F3B2D5700EB3CC7 /* PBXContainerItemProxy */ = {
			isa = PBXContainerItemProxy;
			containerPortal = 9101DAB12F3B2D5000EB3CC7 /* Project object */;
			proxyType = 1;
			remoteGlobalIDString = 9101DAB82F3B2D5000EB3CC7;
			remoteInfo = ZSBSupportAdmin;
		};
/* End PBXContainerItemProxy section */

/* Begin PBXFileReference section */
		9101DAB92F3B2D5000EB3CC7 /* ZSBSupportAdmin.app */ = {isa = PBXFileReference; explicitFileType = wrapper.application; includeInIndex = 0; path = ZSBSupportAdmin.app; sourceTree = BUILT_PRODUCTS_DIR; };
		9101DAC82F3B2D5700EB3CC7 /* ZSBSupportAdminTests.xctest */ = {isa = PBXFileReference; explicitFileType = wrapper.cfbundle; includeInIndex = 0; path = ZSBSupportAdminTests.xctest; sourceTree = BUILT_PRODUCTS_DIR; };
		9101DAD22F3B2D5700EB3CC7 /* ZSBSupportAdminUITests.xctest */ = {isa = PBXFileReference; explicitFileType = wrapper.cfbundle; includeInIndex = 0; path = ZSBSupportAdminUITests.xctest; sourceTree = BUILT_PRODUCTS_DIR; };
/* End PBXFileReference section */

/* Begin PBXFileSystemSynchronizedRootGroup section */
		9101DABB2F3B2D5000EB3CC7 /* ZSBSupportAdmin */ = {
			isa = PBXFileSystemSynchronizedRootGroup;
			path = ZSBSupportAdmin;
			sourceTree = "<group>";
		};
		9101DACB2F3B2D5700EB3CC7 /* ZSBSupportAdminTests */ = {
			isa = PBXFileSystemSynchronizedRootGroup;
			path = ZSBSupportAdminTests;
			sourceTree = "<group>";
		};
		9101DAD52F3B2D5700EB3CC7 /* ZSBSupportAdminUITests */ = {
			isa = PBXFileSystemSynchronizedRootGroup;
			path = ZSBSupportAdminUITests;
			sourceTree = "<group>";
		};
/* End PBXFileSystemSynchronizedRootGroup section */

/* Begin PBXFrameworksBuildPhase section */
		9101DAB62F3B2D5000EB3CC7 /* Frameworks */ = {
			isa = PBXFrameworksBuildPhase;
			buildActionMask = 2147483647;
			files = (
			);
			runOnlyForDeploymentPostprocessing = 0;
		};
		9101DAC52F3B2D5700EB3CC7 /* Frameworks */ = {
			isa = PBXFrameworksBuildPhase;
			buildActionMask = 2147483647;
			files = (
			);
			runOnlyForDeploymentPostprocessing = 0;
		};
		9101DACF2F3B2D5700EB3CC7 /* Frameworks */ = {
			isa = PBXFrameworksBuildPhase;
			buildActionMask = 2147483647;
			files = (
			);
			runOnlyForDeploymentPostprocessing = 0;
		};
/* End PBXFrameworksBuildPhase section */

/* Begin PBXGroup section */
		9101DAB02F3B2D5000EB3CC7 = {
			isa = PBXGroup;
			children = (
				9101DABB2F3B2D5000EB3CC7 /* ZSBSupportAdmin */,
				9101DACB2F3B2D5700EB3CC7 /* ZSBSupportAdminTests */,
				9101DAD52F3B2D5700EB3CC7 /* ZSBSupportAdminUITests */,
				9101DABA2F3B2D5000EB3CC7 /* Products */,
			);
			sourceTree = "<group>";
		};
		9101DABA2F3B2D5000EB3CC7 /* Products */ = {
			isa = PBXGroup;
			children = (
				9101DAB92F3B2D5000EB3CC7 /* ZSBSupportAdmin.app */,
				9101DAC82F3B2D5700EB3CC7 /* ZSBSupportAdminTests.xctest */,
				9101DAD22F3B2D5700EB3CC7 /* ZSBSupportAdminUITests.xctest */,
			);
			name = Products;
			sourceTree = "<group>";
		};
/* End PBXGroup section */

/* Begin PBXNativeTarget section */
		9101DAB82F3B2D5000EB3CC7 /* ZSBSupportAdmin */ = {
			isa = PBXNativeTarget;
			buildConfigurationList = 9101DADC2F3B2D5700EB3CC7 /* Build configuration list for PBXNativeTarget "ZSBSupportAdmin" */;
			buildPhases = (
				9101DAB52F3B2D5000EB3CC7 /* Sources */,
				9101DAB62F3B2D5000EB3CC7 /* Frameworks */,
				9101DAB72F3B2D5000EB3CC7 /* Resources */,
			);
			buildRules = (
			);
			dependencies = (
			);
			fileSystemSynchronizedGroups = (
				9101DABB2F3B2D5000EB3CC7 /* ZSBSupportAdmin */,
			);
			name = ZSBSupportAdmin;
			packageProductDependencies = (
			);
			productName = ZSBSupportAdmin;
			productReference = 9101DAB92F3B2D5000EB3CC7 /* ZSBSupportAdmin.app */;
			productType = "com.apple.product-type.application";
		};
		9101DAC72F3B2D5700EB3CC7 /* ZSBSupportAdminTests */ = {
			isa = PBXNativeTarget;
			buildConfigurationList = 9101DADF2F3B2D5700EB3CC7 /* Build configuration list for PBXNativeTarget "ZSBSupportAdminTests" */;
			buildPhases = (
				9101DAC42F3B2D5700EB3CC7 /* Sources */,
				9101DAC52F3B2D5700EB3CC7 /* Frameworks */,
				9101DAC62F3B2D5700EB3CC7 /* Resources */,
			);
			buildRules = (
			);
			dependencies = (
				9101DACA2F3B2D5700EB3CC7 /* PBXTargetDependency */,
			);
			fileSystemSynchronizedGroups = (
				9101DACB2F3B2D5700EB3CC7 /* ZSBSupportAdminTests */,
			);
			name = ZSBSupportAdminTests;
			packageProductDependencies = (
			);
			productName = ZSBSupportAdminTests;
			productReference = 9101DAC82F3B2D5700EB3CC7 /* ZSBSupportAdminTests.xctest */;
			productType = "com.apple.product-type.bundle.unit-test";
		};
		9101DAD12F3B2D5700EB3CC7 /* ZSBSupportAdminUITests */ = {
			isa = PBXNativeTarget;
			buildConfigurationList = 9101DAE22F3B2D5700EB3CC7 /* Build configuration list for PBXNativeTarget "ZSBSupportAdminUITests" */;
			buildPhases = (
				9101DACE2F3B2D5700EB3CC7 /* Sources */,
				9101DACF2F3B2D5700EB3CC7 /* Frameworks */,
				9101DAD02F3B2D5700EB3CC7 /* Resources */,
			);
			buildRules = (
			);
			dependencies = (
				9101DAD42F3B2D5700EB3CC7 /* PBXTargetDependency */,
			);
			fileSystemSynchronizedGroups = (
				9101DAD52F3B2D5700EB3CC7 /* ZSBSupportAdminUITests */,
			);
			name = ZSBSupportAdminUITests;
			packageProductDependencies = (
			);
			productName = ZSBSupportAdminUITests;
			productReference = 9101DAD22F3B2D5700EB3CC7 /* ZSBSupportAdminUITests.xctest */;
			productType = "com.apple.product-type.bundle.ui-testing";
		};
/* End PBXNativeTarget section */

/* Begin PBXProject section */
		9101DAB12F3B2D5000EB3CC7 /* Project object */ = {
			isa = PBXProject;
			attributes = {
				BuildIndependentTargetsInParallel = 1;
				LastSwiftUpdateCheck = 2600;
				LastUpgradeCheck = 2600;
				TargetAttributes = {
					9101DAB82F3B2D5000EB3CC7 = {
						CreatedOnToolsVersion = 26.0.1;
					};
					9101DAC72F3B2D5700EB3CC7 = {
						CreatedOnToolsVersion = 26.0.1;
						TestTargetID = 9101DAB82F3B2D5000EB3CC7;
					};
					9101DAD12F3B2D5700EB3CC7 = {
						CreatedOnToolsVersion = 26.0.1;
						TestTargetID = 9101DAB82F3B2D5000EB3CC7;
					};
				};
			};
			buildConfigurationList = 9101DAB42F3B2D5000EB3CC7 /* Build configuration list for PBXProject "ZSBSupportAdmin" */;
			developmentRegion = en;
			hasScannedForEncodings = 0;
			knownRegions = (
				en,
				Base,
			);
			mainGroup = 9101DAB02F3B2D5000EB3CC7;
			minimizedProjectReferenceProxies = 1;
			preferredProjectObjectVersion = 77;
			productRefGroup = 9101DABA2F3B2D5000EB3CC7 /* Products */;
			projectDirPath = "";
			projectRoot = "";
			targets = (
				9101DAB82F3B2D5000EB3CC7 /* ZSBSupportAdmin */,
				9101DAC72F3B2D5700EB3CC7 /* ZSBSupportAdminTests */,
				9101DAD12F3B2D5700EB3CC7 /* ZSBSupportAdminUITests */,
			);
		};
/* End PBXProject section */

/* Begin PBXResourcesBuildPhase section */
		9101DAB72F3B2D5000EB3CC7 /* Resources */ = {
			isa = PBXResourcesBuildPhase;
			buildActionMask = 2147483647;
			files = (
			);
			runOnlyForDeploymentPostprocessing = 0;
		};
		9101DAC62F3B2D5700EB3CC7 /* Resources */ = {
			isa = PBXResourcesBuildPhase;
			buildActionMask = 2147483647;
			files = (
			);
			runOnlyForDeploymentPostprocessing = 0;
		};
		9101DAD02F3B2D5700EB3CC7 /* Resources */ = {
			isa = PBXResourcesBuildPhase;
			buildActionMask = 2147483647;
			files = (
			);
			runOnlyForDeploymentPostprocessing = 0;
		};
/* End PBXResourcesBuildPhase section */

/* Begin PBXSourcesBuildPhase section */
		9101DAB52F3B2D5000EB3CC7 /* Sources */ = {
			isa = PBXSourcesBuildPhase;
			buildActionMask = 2147483647;
			files = (
			);
			runOnlyForDeploymentPostprocessing = 0;
		};
		9101DAC42F3B2D5700EB3CC7 /* Sources */ = {
			isa = PBXSourcesBuildPhase;
			buildActionMask = 2147483647;
			files = (
			);
			runOnlyForDeploymentPostprocessing = 0;
		};
		9101DACE2F3B2D5700EB3CC7 /* Sources */ = {
			isa = PBXSourcesBuildPhase;
			buildActionMask = 2147483647;
			files = (
			);
			runOnlyForDeploymentPostprocessing = 0;
		};
/* End PBXSourcesBuildPhase section */

/* Begin PBXTargetDependency section */
		9101DACA2F3B2D5700EB3CC7 /* PBXTargetDependency */ = {
			isa = PBXTargetDependency;
			target = 9101DAB82F3B2D5000EB3CC7 /* ZSBSupportAdmin */;
			targetProxy = 9101DAC92F3B2D5700EB3CC7 /* PBXContainerItemProxy */;
		};
		9101DAD42F3B2D5700EB3CC7 /* PBXTargetDependency */ = {
			isa = PBXTargetDependency;
			target = 9101DAB82F3B2D5000EB3CC7 /* ZSBSupportAdmin */;
			targetProxy = 9101DAD32F3B2D5700EB3CC7 /* PBXContainerItemProxy */;
		};
/* End PBXTargetDependency section */

/* Begin XCBuildConfiguration section */
		9101DADA2F3B2D5700EB3CC7 /* Debug */ = {
			isa = XCBuildConfiguration;
			buildSettings = {
				ALWAYS_SEARCH_USER_PATHS = NO;
				ASSETCATALOG_COMPILER_GENERATE_SWIFT_ASSET_SYMBOL_EXTENSIONS = YES;
				CLANG_ANALYZER_NONNULL = YES;
				CLANG_ANALYZER_NUMBER_OBJECT_CONVERSION = YES_AGGRESSIVE;
				CLANG_CXX_LANGUAGE_STANDARD = "gnu++20";
				CLANG_ENABLE_MODULES = YES;
				CLANG_ENABLE_OBJC_ARC = YES;
				CLANG_ENABLE_OBJC_WEAK = YES;
				CLANG_WARN_BLOCK_CAPTURE_AUTORELEASING = YES;
				CLANG_WARN_BOOL_CONVERSION = YES;
				CLANG_WARN_COMMA = YES;
				CLANG_WARN_CONSTANT_CONVERSION = YES;
				CLANG_WARN_DEPRECATED_OBJC_IMPLEMENTATIONS = YES;
				CLANG_WARN_DIRECT_OBJC_ISA_USAGE = YES_ERROR;
				CLANG_WARN_DOCUMENTATION_COMMENTS = YES;
				CLANG_WARN_EMPTY_BODY = YES;
				CLANG_WARN_ENUM_CONVERSION = YES;
				CLANG_WARN_INFINITE_RECURSION = YES;
				CLANG_WARN_INT_CONVERSION = YES;
				CLANG_WARN_NON_LITERAL_NULL_CONVERSION = YES;
				CLANG_WARN_OBJC_IMPLICIT_RETAIN_SELF = YES;
				CLANG_WARN_OBJC_LITERAL_CONVERSION = YES;
				CLANG_WARN_OBJC_ROOT_CLASS = YES_ERROR;
				CLANG_WARN_QUOTED_INCLUDE_IN_FRAMEWORK_HEADER = YES;
				CLANG_WARN_RANGE_LOOP_ANALYSIS = YES;
				CLANG_WARN_STRICT_PROTOTYPES = YES;
				CLANG_WARN_SUSPICIOUS_MOVE = YES;
				CLANG_WARN_UNGUARDED_AVAILABILITY = YES_AGGRESSIVE;
				CLANG_WARN_UNREACHABLE_CODE = YES;
				CLANG_WARN__DUPLICATE_METHOD_MATCH = YES;
				COPY_PHASE_STRIP = NO;
				DEBUG_INFORMATION_FORMAT = dwarf;
				DEVELOPMENT_TEAM = DNSTESXL8W;
				ENABLE_STRICT_OBJC_MSGSEND = YES;
				ENABLE_TESTABILITY = YES;
				ENABLE_USER_SCRIPT_SANDBOXING = YES;
				GCC_C_LANGUAGE_STANDARD = gnu17;
				GCC_DYNAMIC_NO_PIC = NO;
				GCC_NO_COMMON_BLOCKS = YES;
				GCC_OPTIMIZATION_LEVEL = 0;
				GCC_PREPROCESSOR_DEFINITIONS = (
					"DEBUG=1",
					"$(inherited)",
				);
				GCC_WARN_64_TO_32_BIT_CONVERSION = YES;
				GCC_WARN_ABOUT_RETURN_TYPE = YES_ERROR;
				GCC_WARN_UNDECLARED_SELECTOR = YES;
				GCC_WARN_UNINITIALIZED_AUTOS = YES_AGGRESSIVE;
				GCC_WARN_UNUSED_FUNCTION = YES;
				GCC_WARN_UNUSED_VARIABLE = YES;
				LOCALIZATION_PREFERS_STRING_CATALOGS = YES;
				MACOSX_DEPLOYMENT_TARGET = 26.0;
				MTL_ENABLE_DEBUG_INFO = INCLUDE_SOURCE;
				MTL_FAST_MATH = YES;
				ONLY_ACTIVE_ARCH = YES;
				SDKROOT = macosx;
				SWIFT_ACTIVE_COMPILATION_CONDITIONS = "DEBUG $(inherited)";
				SWIFT_OPTIMIZATION_LEVEL = "-Onone";
			};
			name = Debug;
		};
		9101DADB2F3B2D5700EB3CC7 /* Release */ = {
			isa = XCBuildConfiguration;
			buildSettings = {
				ALWAYS_SEARCH_USER_PATHS = NO;
				ASSETCATALOG_COMPILER_GENERATE_SWIFT_ASSET_SYMBOL_EXTENSIONS = YES;
				CLANG_ANALYZER_NONNULL = YES;
				CLANG_ANALYZER_NUMBER_OBJECT_CONVERSION = YES_AGGRESSIVE;
				CLANG_CXX_LANGUAGE_STANDARD = "gnu++20";
				CLANG_ENABLE_MODULES = YES;
				CLANG_ENABLE_OBJC_ARC = YES;
				CLANG_ENABLE_OBJC_WEAK = YES;
				CLANG_WARN_BLOCK_CAPTURE_AUTORELEASING = YES;
				CLANG_WARN_BOOL_CONVERSION = YES;
				CLANG_WARN_COMMA = YES;
				CLANG_WARN_CONSTANT_CONVERSION = YES;
				CLANG_WARN_DEPRECATED_OBJC_IMPLEMENTATIONS = YES;
				CLANG_WARN_DIRECT_OBJC_ISA_USAGE = YES_ERROR;
				CLANG_WARN_DOCUMENTATION_COMMENTS = YES;
				CLANG_WARN_EMPTY_BODY = YES;
				CLANG_WARN_ENUM_CONVERSION = YES;
				CLANG_WARN_INFINITE_RECURSION = YES;
				CLANG_WARN_INT_CONVERSION = YES;
				CLANG_WARN_NON_LITERAL_NULL_CONVERSION = YES;
				CLANG_WARN_OBJC_IMPLICIT_RETAIN_SELF = YES;
				CLANG_WARN_OBJC_LITERAL_CONVERSION = YES;
				CLANG_WARN_OBJC_ROOT_CLASS = YES_ERROR;
				CLANG_WARN_QUOTED_INCLUDE_IN_FRAMEWORK_HEADER = YES;
				CLANG_WARN_RANGE_LOOP_ANALYSIS = YES;
				CLANG_WARN_STRICT_PROTOTYPES = YES;
				CLANG_WARN_SUSPICIOUS_MOVE = YES;
				CLANG_WARN_UNGUARDED_AVAILABILITY = YES_AGGRESSIVE;
				CLANG_WARN_UNREACHABLE_CODE = YES;
				CLANG_WARN__DUPLICATE_METHOD_MATCH = YES;
				COPY_PHASE_STRIP = NO;
				DEBUG_INFORMATION_FORMAT = "dwarf-with-dsym";
				DEVELOPMENT_TEAM = DNSTESXL8W;
				ENABLE_NS_ASSERTIONS = NO;
				ENABLE_STRICT_OBJC_MSGSEND = YES;
				ENABLE_USER_SCRIPT_SANDBOXING = YES;
				GCC_C_LANGUAGE_STANDARD = gnu17;
				GCC_NO_COMMON_BLOCKS = YES;
				GCC_WARN_64_TO_32_BIT_CONVERSION = YES;
				GCC_WARN_ABOUT_RETURN_TYPE = YES_ERROR;
				GCC_WARN_UNDECLARED_SELECTOR = YES;
				GCC_WARN_UNINITIALIZED_AUTOS = YES_AGGRESSIVE;
				GCC_WARN_UNUSED_FUNCTION = YES;
				GCC_WARN_UNUSED_VARIABLE = YES;
				LOCALIZATION_PREFERS_STRING_CATALOGS = YES;
				MACOSX_DEPLOYMENT_TARGET = 26.0;
				MTL_ENABLE_DEBUG_INFO = NO;
				MTL_FAST_MATH = YES;
				SDKROOT = macosx;
				SWIFT_COMPILATION_MODE = wholemodule;
			};
			name = Release;
		};
		9101DADD2F3B2D5700EB3CC7 /* Debug */ = {
			isa = XCBuildConfiguration;
			buildSettings = {
				ASSETCATALOG_COMPILER_APPICON_NAME = AppIcon;
				ASSETCATALOG_COMPILER_GLOBAL_ACCENT_COLOR_NAME = AccentColor;
				AUTOMATION_APPLE_EVENTS = NO;
				CODE_SIGN_STYLE = Manual;
				COMBINE_HIDPI_IMAGES = YES;
				CURRENT_PROJECT_VERSION = 1;
				DEVELOPMENT_TEAM = "";
				ENABLE_APP_SANDBOX = NO;
				ENABLE_HARDENED_RUNTIME = NO;
				ENABLE_PREVIEWS = YES;
				ENABLE_RESOURCE_ACCESS_AUDIO_INPUT = NO;
				ENABLE_RESOURCE_ACCESS_CALENDARS = NO;
				ENABLE_RESOURCE_ACCESS_CAMERA = NO;
				ENABLE_RESOURCE_ACCESS_CONTACTS = NO;
				ENABLE_RESOURCE_ACCESS_LOCATION = NO;
				ENABLE_RESOURCE_ACCESS_PHOTO_LIBRARY = NO;
				GENERATE_INFOPLIST_FILE = YES;
				INFOPLIST_KEY_NSHumanReadableCopyright = "";
				LD_RUNPATH_SEARCH_PATHS = (
					"$(inherited)",
					"@executable_path/../Frameworks",
				);
				MARKETING_VERSION = 1.0;
				PRODUCT_BUNDLE_IDENTIFIER = com.acldigital.ZSBSupportAdmin;
				PRODUCT_NAME = "$(TARGET_NAME)";
				PROVISIONING_PROFILE_SPECIFIER = "";
				REGISTER_APP_GROUPS = YES;
				RUNTIME_EXCEPTION_ALLOW_DYLD_ENVIRONMENT_VARIABLES = NO;
				RUNTIME_EXCEPTION_ALLOW_JIT = NO;
				RUNTIME_EXCEPTION_ALLOW_UNSIGNED_EXECUTABLE_MEMORY = NO;
				RUNTIME_EXCEPTION_DEBUGGING_TOOL = NO;
				RUNTIME_EXCEPTION_DISABLE_EXECUTABLE_PAGE_PROTECTION = NO;
				RUNTIME_EXCEPTION_DISABLE_LIBRARY_VALIDATION = NO;
				STRING_CATALOG_GENERATE_SYMBOLS = YES;
				SWIFT_APPROACHABLE_CONCURRENCY = YES;
				SWIFT_DEFAULT_ACTOR_ISOLATION = MainActor;
				SWIFT_EMIT_LOC_STRINGS = YES;
				SWIFT_UPCOMING_FEATURE_MEMBER_IMPORT_VISIBILITY = YES;
				SWIFT_VERSION = 5.0;
			};
			name = Debug;
		};
		9101DADE2F3B2D5700EB3CC7 /* Release */ = {
			isa = XCBuildConfiguration;
			buildSettings = {
				ASSETCATALOG_COMPILER_APPICON_NAME = AppIcon;
				ASSETCATALOG_COMPILER_GLOBAL_ACCENT_COLOR_NAME = AccentColor;
				AUTOMATION_APPLE_EVENTS = NO;
				CODE_SIGN_STYLE = Manual;
				COMBINE_HIDPI_IMAGES = YES;
				CURRENT_PROJECT_VERSION = 1;
				DEVELOPMENT_TEAM = "";
				ENABLE_APP_SANDBOX = NO;
				ENABLE_HARDENED_RUNTIME = NO;
				ENABLE_PREVIEWS = YES;
				ENABLE_RESOURCE_ACCESS_AUDIO_INPUT = NO;
				ENABLE_RESOURCE_ACCESS_CALENDARS = NO;
				ENABLE_RESOURCE_ACCESS_CAMERA = NO;
				ENABLE_RESOURCE_ACCESS_CONTACTS = NO;
				ENABLE_RESOURCE_ACCESS_LOCATION = NO;
				ENABLE_RESOURCE_ACCESS_PHOTO_LIBRARY = NO;
				GENERATE_INFOPLIST_FILE = YES;
				INFOPLIST_KEY_NSHumanReadableCopyright = "";
				LD_RUNPATH_SEARCH_PATHS = (
					"$(inherited)",
					"@executable_path/../Frameworks",
				);
				MARKETING_VERSION = 1.0;
				PRODUCT_BUNDLE_IDENTIFIER = com.acldigital.ZSBSupportAdmin;
				PRODUCT_NAME = "$(TARGET_NAME)";
				PROVISIONING_PROFILE_SPECIFIER = "";
				REGISTER_APP_GROUPS = YES;
				RUNTIME_EXCEPTION_ALLOW_DYLD_ENVIRONMENT_VARIABLES = NO;
				RUNTIME_EXCEPTION_ALLOW_JIT = NO;
				RUNTIME_EXCEPTION_ALLOW_UNSIGNED_EXECUTABLE_MEMORY = NO;
				RUNTIME_EXCEPTION_DEBUGGING_TOOL = NO;
				RUNTIME_EXCEPTION_DISABLE_EXECUTABLE_PAGE_PROTECTION = NO;
				RUNTIME_EXCEPTION_DISABLE_LIBRARY_VALIDATION = NO;
				STRING_CATALOG_GENERATE_SYMBOLS = YES;
				SWIFT_APPROACHABLE_CONCURRENCY = YES;
				SWIFT_DEFAULT_ACTOR_ISOLATION = MainActor;
				SWIFT_EMIT_LOC_STRINGS = YES;
				SWIFT_UPCOMING_FEATURE_MEMBER_IMPORT_VISIBILITY = YES;
				SWIFT_VERSION = 5.0;
			};
			name = Release;
		};
		9101DAE02F3B2D5700EB3CC7 /* Debug */ = {
			isa = XCBuildConfiguration;
			buildSettings = {
				BUNDLE_LOADER = "$(TEST_HOST)";
				CODE_SIGN_STYLE = Automatic;
				CURRENT_PROJECT_VERSION = 1;
				DEVELOPMENT_TEAM = DNSTESXL8W;
				GENERATE_INFOPLIST_FILE = YES;
				MACOSX_DEPLOYMENT_TARGET = 26.0;
				MARKETING_VERSION = 1.0;
				PRODUCT_BUNDLE_IDENTIFIER = com.acldigital.ZSBSupportAdminTests;
				PRODUCT_NAME = "$(TARGET_NAME)";
				STRING_CATALOG_GENERATE_SYMBOLS = NO;
				SWIFT_APPROACHABLE_CONCURRENCY = YES;
				SWIFT_EMIT_LOC_STRINGS = NO;
				SWIFT_UPCOMING_FEATURE_MEMBER_IMPORT_VISIBILITY = YES;
				SWIFT_VERSION = 5.0;
				TEST_HOST = "$(BUILT_PRODUCTS_DIR)/ZSBSupportAdmin.app/$(BUNDLE_EXECUTABLE_FOLDER_PATH)/ZSBSupportAdmin";
			};
			name = Debug;
		};
		9101DAE12F3B2D5700EB3CC7 /* Release */ = {
			isa = XCBuildConfiguration;
			buildSettings = {
				BUNDLE_LOADER = "$(TEST_HOST)";
				CODE_SIGN_STYLE = Automatic;
				CURRENT_PROJECT_VERSION = 1;
				DEVELOPMENT_TEAM = DNSTESXL8W;
				GENERATE_INFOPLIST_FILE = YES;
				MACOSX_DEPLOYMENT_TARGET = 26.0;
				MARKETING_VERSION = 1.0;
				PRODUCT_BUNDLE_IDENTIFIER = com.acldigital.ZSBSupportAdminTests;
				PRODUCT_NAME = "$(TARGET_NAME)";
				STRING_CATALOG_GENERATE_SYMBOLS = NO;
				SWIFT_APPROACHABLE_CONCURRENCY = YES;
				SWIFT_EMIT_LOC_STRINGS = NO;
				SWIFT_UPCOMING_FEATURE_MEMBER_IMPORT_VISIBILITY = YES;
				SWIFT_VERSION = 5.0;
				TEST_HOST = "$(BUILT_PRODUCTS_DIR)/ZSBSupportAdmin.app/$(BUNDLE_EXECUTABLE_FOLDER_PATH)/ZSBSupportAdmin";
			};
			name = Release;
		};
		9101DAE32F3B2D5700EB3CC7 /* Debug */ = {
			isa = XCBuildConfiguration;
			buildSettings = {
				CODE_SIGN_STYLE = Automatic;
				CURRENT_PROJECT_VERSION = 1;
				DEVELOPMENT_TEAM = DNSTESXL8W;
				GENERATE_INFOPLIST_FILE = YES;
				MARKETING_VERSION = 1.0;
				PRODUCT_BUNDLE_IDENTIFIER = com.acldigital.ZSBSupportAdminUITests;
				PRODUCT_NAME = "$(TARGET_NAME)";
				STRING_CATALOG_GENERATE_SYMBOLS = NO;
				SWIFT_APPROACHABLE_CONCURRENCY = YES;
				SWIFT_EMIT_LOC_STRINGS = NO;
				SWIFT_UPCOMING_FEATURE_MEMBER_IMPORT_VISIBILITY = YES;
				SWIFT_VERSION = 5.0;
				TEST_TARGET_NAME = ZSBSupportAdmin;
			};
			name = Debug;
		};
		9101DAE42F3B2D5700EB3CC7 /* Release */ = {
			isa = XCBuildConfiguration;
			buildSettings = {
				CODE_SIGN_STYLE = Automatic;
				CURRENT_PROJECT_VERSION = 1;
				DEVELOPMENT_TEAM = DNSTESXL8W;
				GENERATE_INFOPLIST_FILE = YES;
				MARKETING_VERSION = 1.0;
				PRODUCT_BUNDLE_IDENTIFIER = com.acldigital.ZSBSupportAdminUITests;
				PRODUCT_NAME = "$(TARGET_NAME)";
				STRING_CATALOG_GENERATE_SYMBOLS = NO;
				SWIFT_APPROACHABLE_CONCURRENCY = YES;
				SWIFT_EMIT_LOC_STRINGS = NO;
				SWIFT_UPCOMING_FEATURE_MEMBER_IMPORT_VISIBILITY = YES;
				SWIFT_VERSION = 5.0;
				TEST_TARGET_NAME = ZSBSupportAdmin;
			};
			name = Release;
		};
/* End XCBuildConfiguration section */

/* Begin XCConfigurationList section */
		9101DAB42F3B2D5000EB3CC7 /* Build configuration list for PBXProject "ZSBSupportAdmin" */ = {
			isa = XCConfigurationList;
			buildConfigurations = (
				9101DADA2F3B2D5700EB3CC7 /* Debug */,
				9101DADB2F3B2D5700EB3CC7 /* Release */,
			);
			defaultConfigurationIsVisible = 0;
			defaultConfigurationName = Release;
		};
		9101DADC2F3B2D5700EB3CC7 /* Build configuration list for PBXNativeTarget "ZSBSupportAdmin" */ = {
			isa = XCConfigurationList;
			buildConfigurations = (
				9101DADD2F3B2D5700EB3CC7 /* Debug */,
				9101DADE2F3B2D5700EB3CC7 /* Release */,
			);
			defaultConfigurationIsVisible = 0;
			defaultConfigurationName = Release;
		};
		9101DADF2F3B2D5700EB3CC7 /* Build configuration list for PBXNativeTarget "ZSBSupportAdminTests" */ = {
			isa = XCConfigurationList;
			buildConfigurations = (
				9101DAE02F3B2D5700EB3CC7 /* Debug */,
				9101DAE12F3B2D5700EB3CC7 /* Release */,
			);
			defaultConfigurationIsVisible = 0;
			defaultConfigurationName = Release;
		};
		9101DAE22F3B2D5700EB3CC7 /* Build configuration list for PBXNativeTarget "ZSBSupportAdminUITests" */ = {
			isa = XCConfigurationList;
			buildConfigurations = (
				9101DAE32F3B2D5700EB3CC7 /* Debug */,
				9101DAE42F3B2D5700EB3CC7 /* Release */,
			);
			defaultConfigurationIsVisible = 0;
			defaultConfigurationName = Release;
		};
/* End XCConfigurationList section */
	};
	rootObject = 9101DAB12F3B2D5000EB3CC7 /* Project object */;
}
